
Microsoft Visual Studio Solution File, Format Version 12.00
# Visual Studio Version 17
VisualStudioVersion = 17.5.33516.290
MinimumVisualStudioVersion = 10.0.40219.1
Project("{FAE04EC0-301F-11D3-BF4B-00C04F79EFBC}") = "WZQ", "WZQ\WZQ.csproj", "{74E81476-4717-4644-898F-057D39043075}"
EndProject
Global
	GlobalSection(SolutionConfigurationPlatforms) = preSolution
		Debug|Any CPU = Debug|Any CPU
		Release|Any CPU = Release|Any CPU
	EndGlobalSection
	GlobalSection(ProjectConfigurationPlatforms) = postSolution
		{74E81476-4717-4644-898F-057D39043075}.Debug|Any CPU.ActiveCfg = Debug|Any CPU
		{74E81476-4717-4644-898F-057D39043075}.Debug|Any CPU.Build.0 = Debug|Any CPU
		{74E81476-4717-4644-898F-057D39043075}.Release|Any CPU.ActiveCfg = Release|Any CPU
		{74E81476-4717-4644-898F-057D39043075}.Release|Any CPU.Build.0 = Release|Any CPU
	EndGlobalSection
	GlobalSection(SolutionProperties) = preSolution
		HideSolutionNode = FALSE
	EndGlobalSection
	GlobalSection(ExtensibilityGlobals) = postSolution
		SolutionGuid = {0315EC1F-027D-4A31-882E-C31F9F69F981}
	EndGlobalSection
EndGlobal
